
Microsoft Visual Studio Solution File, Format Version 12.00
Project("{2150E333-8FDC-42A3-9474-1A3956D46DE8}") = "Core", "Core", "{9BB5E691-237B-49C3-B816-5941D3A96BF9}"
EndProject
Project("{2150E333-8FDC-42A3-9474-1A3956D46DE8}") = "Infrastructure", "Infrastructure", "{E8A3EB51-D919-4DFD-8DFC-EEFE12E98AA2}"
EndProject
Project("{2150E333-8FDC-42A3-9474-1A3956D46DE8}") = "Presentation", "Presentation", "{B3196355-17F2-4157-86D3-3B700320ACDD}"
EndProject
Project("{FAE04EC0-301F-11D3-BF4B-00C04F79EFBC}") = "OnionLearn.Application", "Core\OnionLearn.Application\OnionLearn.Application.csproj", "{DA902C9A-6C80-4A6A-8745-816A4E761874}"
EndProject
Project("{FAE04EC0-301F-11D3-BF4B-00C04F79EFBC}") = "OnionLearn.Domain", "Core\OnionLearn.Domain\OnionLearn.Domain.csproj", "{BC7ED043-2AAF-4F9C-A1D1-B4BD4E32D354}"
EndProject
Project("{FAE04EC0-301F-11D3-BF4B-00C04F79EFBC}") = "OnionLearn.Infrastructure", "Infrastructure\OnionLearn.Infrastructure\OnionLearn.Infrastructure.csproj", "{736C65A3-A088-4A38-A65F-3E390411629F}"
EndProject
Project("{FAE04EC0-301F-11D3-BF4B-00C04F79EFBC}") = "OnionLearn.Persistence", "Infrastructure\OnionLearn.Persistence\OnionLearn.Persistence.csproj", "{0BCDB91F-3775-467C-ABED-1865F18A37EE}"
EndProject
Project("{FAE04EC0-301F-11D3-BF4B-00C04F79EFBC}") = "OnionLearn.Api", "Presentation\OnionLearn.Api\OnionLearn.Api.csproj", "{0396A990-31FE-4F2C-BD1A-F6398FA6781B}"
EndProject
Global
	GlobalSection(SolutionConfigurationPlatforms) = preSolution
		Debug|Any CPU = Debug|Any CPU
		Release|Any CPU = Release|Any CPU
	EndGlobalSection
	GlobalSection(NestedProjects) = preSolution
		{DA902C9A-6C80-4A6A-8745-816A4E761874} = {9BB5E691-237B-49C3-B816-5941D3A96BF9}
		{BC7ED043-2AAF-4F9C-A1D1-B4BD4E32D354} = {9BB5E691-237B-49C3-B816-5941D3A96BF9}
		{736C65A3-A088-4A38-A65F-3E390411629F} = {E8A3EB51-D919-4DFD-8DFC-EEFE12E98AA2}
		{0BCDB91F-3775-467C-ABED-1865F18A37EE} = {E8A3EB51-D919-4DFD-8DFC-EEFE12E98AA2}
		{0396A990-31FE-4F2C-BD1A-F6398FA6781B} = {B3196355-17F2-4157-86D3-3B700320ACDD}
	EndGlobalSection
	GlobalSection(ProjectConfigurationPlatforms) = postSolution
		{DA902C9A-6C80-4A6A-8745-816A4E761874}.Debug|Any CPU.ActiveCfg = Debug|Any CPU
		{DA902C9A-6C80-4A6A-8745-816A4E761874}.Debug|Any CPU.Build.0 = Debug|Any CPU
		{DA902C9A-6C80-4A6A-8745-816A4E761874}.Release|Any CPU.ActiveCfg = Release|Any CPU
		{DA902C9A-6C80-4A6A-8745-816A4E761874}.Release|Any CPU.Build.0 = Release|Any CPU
		{BC7ED043-2AAF-4F9C-A1D1-B4BD4E32D354}.Debug|Any CPU.ActiveCfg = Debug|Any CPU
		{BC7ED043-2AAF-4F9C-A1D1-B4BD4E32D354}.Debug|Any CPU.Build.0 = Debug|Any CPU
		{BC7ED043-2AAF-4F9C-A1D1-B4BD4E32D354}.Release|Any CPU.ActiveCfg = Release|Any CPU
		{BC7ED043-2AAF-4F9C-A1D1-B4BD4E32D354}.Release|Any CPU.Build.0 = Release|Any CPU
		{736C65A3-A088-4A38-A65F-3E390411629F}.Debug|Any CPU.ActiveCfg = Debug|Any CPU
		{736C65A3-A088-4A38-A65F-3E390411629F}.Debug|Any CPU.Build.0 = Debug|Any CPU
		{736C65A3-A088-4A38-A65F-3E390411629F}.Release|Any CPU.ActiveCfg = Release|Any CPU
		{736C65A3-A088-4A38-A65F-3E390411629F}.Release|Any CPU.Build.0 = Release|Any CPU
		{0BCDB91F-3775-467C-ABED-1865F18A37EE}.Debug|Any CPU.ActiveCfg = Debug|Any CPU
		{0BCDB91F-3775-467C-ABED-1865F18A37EE}.Debug|Any CPU.Build.0 = Debug|Any CPU
		{0BCDB91F-3775-467C-ABED-1865F18A37EE}.Release|Any CPU.ActiveCfg = Release|Any CPU
		{0BCDB91F-3775-467C-ABED-1865F18A37EE}.Release|Any CPU.Build.0 = Release|Any CPU
		{0396A990-31FE-4F2C-BD1A-F6398FA6781B}.Debug|Any CPU.ActiveCfg = Debug|Any CPU
		{0396A990-31FE-4F2C-BD1A-F6398FA6781B}.Debug|Any CPU.Build.0 = Debug|Any CPU
		{0396A990-31FE-4F2C-BD1A-F6398FA6781B}.Release|Any CPU.ActiveCfg = Release|Any CPU
		{0396A990-31FE-4F2C-BD1A-F6398FA6781B}.Release|Any CPU.Build.0 = Release|Any CPU
	EndGlobalSection
EndGlobal
